{
  "name": "semantic-commits",
  "version": "0.1.0",
  "lockfileVersion": 2,
  "requires": true,
  "packages": {
    "": {
      "name": "semantic-commits",
      "version": "0.1.0",
      "dependencies": {
        "find-package-json": "^1.2.0"
      },
      "bin": {
        "semantic-commits": "dist/bin.js"
      },
      "devDependencies": {
        "@types/find-package-json": "^1.2.3",
        "@types/node": "^18.11.18",
        "husky": "^8.0.3",
        "typescript": "^4.9.4"
      }
    },
    "node_modules/@types/find-package-json": {
      "version": "1.2.3",
      "resolved": "https://registry.npmjs.org/@types/find-package-json/-/find-package-json-1.2.3.tgz",
      "integrity": "sha512-UCmxThB05dWlToG6ekGbW3iJLUzd7Z2uGP7R+d1ktlgOttxRGgqQcIeIaCT4pLlO2WkPg9bebqBhs4Epw4Bs8Q==",
      "dev": true,
      "dependencies": {
        "@types/node": "*"
      }
    },
    "node_modules/@types/node": {
      "version": "18.11.18",
      "resolved": "https://registry.npmjs.org/@types/node/-/node-18.11.18.tgz",
      "integrity": "sha512-DHQpWGjyQKSHj3ebjFI/wRKcqQcdR+MoFBygntYOZytCqNfkd2ZC4ARDJ2DQqhjH5p85Nnd3jhUJIXrszFX/JA==",
      "dev": true
    },
    "node_modules/find-package-json": {
      "version": "1.2.0",
      "resolved": "https://registry.npmjs.org/find-package-json/-/find-package-json-1.2.0.tgz",
      "integrity": "sha512-+SOGcLGYDJHtyqHd87ysBhmaeQ95oWspDKnMXBrnQ9Eq4OkLNqejgoaD8xVWu6GPa0B6roa6KinCMEMcVeqONw=="
    },
    "node_modules/husky": {
      "version": "8.0.3",
      "resolved": "https://registry.npmjs.org/husky/-/husky-8.0.3.tgz",
      "integrity": "sha512-+dQSyqPh4x1hlO1swXBiNb2HzTDN1I2IGLQx1GrBuiqFJfoMrnZWwVmatvSiO+Iz8fBUnf+lekwNo4c2LlXItg==",
      "dev": true,
      "bin": {
        "husky": "lib/bin.js"
      },
      "engines": {
        "node": ">=14"
      },
      "funding": {
        "url": "https://github.com/sponsors/typicode"
      }
    },
    "node_modules/typescript": {
      "version": "4.9.4",
      "resolved": "https://registry.npmjs.org/typescript/-/typescript-4.9.4.tgz",
      "integrity": "sha512-Uz+dTXYzxXXbsFpM86Wh3dKCxrQqUcVMxwU54orwlJjOpO3ao8L7j5lH+dWfTwgCwIuM9GQ2kvVotzYJMXTBZg==",
      "dev": true,
      "bin": {
        "tsc": "bin/tsc",
        "tsserver": "bin/tsserver"
      },
      "engines": {
        "node": ">=4.2.0"
      }
    }
  },
  "dependencies": {
    "@types/find-package-json": {
      "version": "1.2.3",
      "resolved": "https://registry.npmjs.org/@types/find-package-json/-/find-package-json-1.2.3.tgz",
      "integrity": "sha512-UCmxThB05dWlToG6ekGbW3iJLUzd7Z2uGP7R+d1ktlgOttxRGgqQcIeIaCT4pLlO2WkPg9bebqBhs4Epw4Bs8Q==",
      "dev": true,
      "requires": {
        "@types/node": "*"
      }
    },
    "@types/node": {
      "version": "18.11.18",
      "resolved": "https://registry.npmjs.org/@types/node/-/node-18.11.18.tgz",
      "integrity": "sha512-DHQpWGjyQKSHj3ebjFI/wRKcqQcdR+MoFBygntYOZytCqNfkd2ZC4ARDJ2DQqhjH5p85Nnd3jhUJIXrszFX/JA==",
      "dev": true
    },
    "find-package-json": {
      "version": "1.2.0",
      "resolved": "https://registry.npmjs.org/find-package-json/-/find-package-json-1.2.0.tgz",
      "integrity": "sha512-+SOGcLGYDJHtyqHd87ysBhmaeQ95oWspDKnMXBrnQ9Eq4OkLNqejgoaD8xVWu6GPa0B6roa6KinCMEMcVeqONw=="
    },
    "husky": {
      "version": "8.0.3",
      "resolved": "https://registry.npmjs.org/husky/-/husky-8.0.3.tgz",
      "integrity": "sha512-+dQSyqPh4x1hlO1swXBiNb2HzTDN1I2IGLQx1GrBuiqFJfoMrnZWwVmatvSiO+Iz8fBUnf+lekwNo4c2LlXItg==",
      "dev": true
    },
    "typescript": {
      "version": "4.9.4",
      "resolved": "https://registry.npmjs.org/typescript/-/typescript-4.9.4.tgz",
      "integrity": "sha512-Uz+dTXYzxXXbsFpM86Wh3dKCxrQqUcVMxwU54orwlJjOpO3ao8L7j5lH+dWfTwgCwIuM9GQ2kvVotzYJMXTBZg==",
      "dev": true
    }
  }
}
